// !$*UTF8*$!
{
	archiveVersion = 1;
	classes = {
	};
	objectVersion = 55;
	objects = {

/* Begin PBXBuildFile section */
		F0D4BAEE27B40BEF00228B4F /* AlwaysNoteApp.swift in Sources */ = {isa = PBXBuildFile; fileRef = F0D4BAED27B40BEF00228B4F /* AlwaysNoteApp.swift */; };
		F0D4BAF027B40BEF00228B4F /* ContentView.swift in Sources */ = {isa = PBXBuildFile; fileRef = F0D4BAEF27B40BEF00228B4F /* ContentView.swift */; };
		F0D4BAF227B40BF000228B4F /* Assets.xcassets in Resources */ = {isa = PBXBuildFile; fileRef = F0D4BAF127B40BF000228B4F /* Assets.xcassets */; };
		F0D4BAF527B40BF000228B4F /* Preview Assets.xcassets in Resources */ = {isa = PBXBuildFile; fileRef = F0D4BAF427B40BF000228B4F /* Preview Assets.xcassets */; };
		F0D4BAFF27B40BF000228B4F /* AlwaysNoteTests.swift in Sources */ = {isa = PBXBuildFile; fileRef = F0D4BAFE27B40BF000228B4F /* AlwaysNoteTests.swift */; };
		F0D4BB0927B40BF000228B4F /* AlwaysNoteUITests.swift in Sources */ = {isa = PBXBuildFile; fileRef = F0D4BB0827B40BF000228B4F /* AlwaysNoteUITests.swift */; };
		F0D4BB0B27B40BF000228B4F /* AlwaysNoteUITestsLaunchTests.swift in Sources */ = {isa = PBXBuildFile; fileRef = F0D4BB0A27B40BF000228B4F /* AlwaysNoteUITestsLaunchTests.swift */; };
/* End PBXBuildFile section */

/* Begin PBXContainerItemProxy section */
		F0D4BAFB27B40BF000228B4F /* PBXContainerItemProxy */ = {
			isa = PBXContainerItemProxy;
			containerPortal = F0D4BAE227B40BEF00228B4F /* Project object */;
			proxyType = 1;
			remoteGlobalIDString = F0D4BAE927B40BEF00228B4F;
			remoteInfo = AlwaysNote;
		};
		F0D4BB0527B40BF000228B4F /* PBXContainerItemProxy */ = {
			isa = PBXContainerItemProxy;
			containerPortal = F0D4BAE227B40BEF00228B4F /* Project object */;
			proxyType = 1;
			remoteGlobalIDString = F0D4BAE927B40BEF00228B4F;
			remoteInfo = AlwaysNote;
		};
/* End PBXContainerItemProxy section */

/* Begin PBXFileReference section */
		F0D4BAEA27B40BEF00228B4F /* AlwaysNote.app */ = {isa = PBXFileReference; explicitFileType = wrapper.application; includeInIndex = 0; path = AlwaysNote.app; sourceTree = BUILT_PRODUCTS_DIR; };
		F0D4BAED27B40BEF00228B4F /* AlwaysNoteApp.swift */ = {isa = PBXFileReference; lastKnownFileType = sourcecode.swift; path = AlwaysNoteApp.swift; sourceTree = "<group>"; };
		F0D4BAEF27B40BEF00228B4F /* ContentView.swift */ = {isa = PBXFileReference; lastKnownFileType = sourcecode.swift; path = ContentView.swift; sourceTree = "<group>"; };
		F0D4BAF127B40BF000228B4F /* Assets.xcassets */ = {isa = PBXFileReference; lastKnownFileType = folder.assetcatalog; path = Assets.xcassets; sourceTree = "<group>"; };
		F0D4BAF427B40BF000228B4F /* Preview Assets.xcassets */ = {isa = PBXFileReference; lastKnownFileType = folder.assetcatalog; path = "Preview Assets.xcassets"; sourceTree = "<group>"; };
		F0D4BAFA27B40BF000228B4F /* AlwaysNoteTests.xctest */ = {isa = PBXFileReference; explicitFileType = wrapper.cfbundle; includeInIndex = 0; path = AlwaysNoteTests.xctest; sourceTree = BUILT_PRODUCTS_DIR; };
		F0D4BAFE27B40BF000228B4F /* AlwaysNoteTests.swift */ = {isa = PBXFileReference; lastKnownFileType = sourcecode.swift; path = AlwaysNoteTests.swift; sourceTree = "<group>"; };
		F0D4BB0427B40BF000228B4F /* AlwaysNoteUITests.xctest */ = {isa = PBXFileReference; explicitFileType = wrapper.cfbundle; includeInIndex = 0; path = AlwaysNoteUITests.xctest; sourceTree = BUILT_PRODUCTS_DIR; };
		F0D4BB0827B40BF000228B4F /* AlwaysNoteUITests.swift */ = {isa = PBXFileReference; lastKnownFileType = sourcecode.swift; path = AlwaysNoteUITests.swift; sourceTree = "<group>"; };
		F0D4BB0A27B40BF000228B4F /* AlwaysNoteUITestsLaunchTests.swift */ = {isa = PBXFileReference; lastKnownFileType = sourcecode.swift; path = AlwaysNoteUITestsLaunchTests.swift; sourceTree = "<group>"; };
/* End PBXFileReference section */

/* Begin PBXFrameworksBuildPhase section */
		F0D4BAE727B40BEF00228B4F /* Frameworks */ = {
			isa = PBXFrameworksBuildPhase;
			buildActionMask = 2147483647;
			files = (
			);
			runOnlyForDeploymentPostprocessing = 0;
		};
		F0D4BAF727B40BF000228B4F /* Frameworks */ = {
			isa = PBXFrameworksBuildPhase;
			buildActionMask = 2147483647;
			files = (
			);
			runOnlyForDeploymentPostprocessing = 0;
		};
		F0D4BB0127B40BF000228B4F /* Frameworks */ = {
			isa = PBXFrameworksBuildPhase;
			buildActionMask = 2147483647;
			files = (
			);
			runOnlyForDeploymentPostprocessing = 0;
		};
/* End PBXFrameworksBuildPhase section */

/* Begin PBXGroup section */
		F0D4BAE127B40BEF00228B4F = {
			isa = PBXGroup;
			children = (
				F0D4BAEC27B40BEF00228B4F /* AlwaysNote */,
				F0D4BAFD27B40BF000228B4F /* AlwaysNoteTests */,
				F0D4BB0727B40BF000228B4F /* AlwaysNoteUITests */,
				F0D4BAEB27B40BEF00228B4F /* Products */,
			);
			sourceTree = "<group>";
		};
		F0D4BAEB27B40BEF00228B4F /* Products */ = {
			isa = PBXGroup;
			children = (
				F0D4BAEA27B40BEF00228B4F /* AlwaysNote.app */,
				F0D4BAFA27B40BF000228B4F /* AlwaysNoteTests.xctest */,
				F0D4BB0427B40BF000228B4F /* AlwaysNoteUITests.xctest */,
			);
			name = Products;
			sourceTree = "<group>";
		};
		F0D4BAEC27B40BEF00228B4F /* AlwaysNote */ = {
			isa = PBXGroup;
			children = (
				F0D4BAED27B40BEF00228B4F /* AlwaysNoteApp.swift */,
				F0D4BAEF27B40BEF00228B4F /* ContentView.swift */,
				F0D4BAF127B40BF000228B4F /* Assets.xcassets */,
				F0D4BAF327B40BF000228B4F /* Preview Content */,
			);
			path = AlwaysNote;
			sourceTree = "<group>";
		};
		F0D4BAF327B40BF000228B4F /* Preview Content */ = {
			isa = PBXGroup;
			children = (
				F0D4BAF427B40BF000228B4F /* Preview Assets.xcassets */,
			);
			path = "Preview Content";
			sourceTree = "<group>";
		};
		F0D4BAFD27B40BF000228B4F /* AlwaysNoteTests */ = {
			isa = PBXGroup;
			children = (
				F0D4BAFE27B40BF000228B4F /* AlwaysNoteTests.swift */,
			);
			path = AlwaysNoteTests;
			sourceTree = "<group>";
		};
		F0D4BB0727B40BF000228B4F /* AlwaysNoteUITests */ = {
			isa = PBXGroup;
			children = (
				F0D4BB0827B40BF000228B4F /* AlwaysNoteUITests.swift */,
				F0D4BB0A27B40BF000228B4F /* AlwaysNoteUITestsLaunchTests.swift */,
			);
			path = AlwaysNoteUITests;
			sourceTree = "<group>";
		};
/* End PBXGroup section */

/* Begin PBXNativeTarget section */
		F0D4BAE927B40BEF00228B4F /* AlwaysNote */ = {
			isa = PBXNativeTarget;
			buildConfigurationList = F0D4BB0E27B40BF000228B4F /* Build configuration list for PBXNativeTarget "AlwaysNote" */;
			buildPhases = (
				F0D4BAE627B40BEF00228B4F /* Sources */,
				F0D4BAE727B40BEF00228B4F /* Frameworks */,
				F0D4BAE827B40BEF00228B4F /* Resources */,
			);
			buildRules = (
			);
			dependencies = (
			);
			name = AlwaysNote;
			productName = AlwaysNote;
			productReference = F0D4BAEA27B40BEF00228B4F /* AlwaysNote.app */;
			productType = "com.apple.product-type.application";
		};
		F0D4BAF927B40BF000228B4F /* AlwaysNoteTests */ = {
			isa = PBXNativeTarget;
			buildConfigurationList = F0D4BB1127B40BF000228B4F /* Build configuration list for PBXNativeTarget "AlwaysNoteTests" */;
			buildPhases = (
				F0D4BAF627B40BF000228B4F /* Sources */,
				F0D4BAF727B40BF000228B4F /* Frameworks */,
				F0D4BAF827B40BF000228B4F /* Resources */,
			);
			buildRules = (
			);
			dependencies = (
				F0D4BAFC27B40BF000228B4F /* PBXTargetDependency */,
			);
			name = AlwaysNoteTests;
			productName = AlwaysNoteTests;
			productReference = F0D4BAFA27B40BF000228B4F /* AlwaysNoteTests.xctest */;
			productType = "com.apple.product-type.bundle.unit-test";
		};
		F0D4BB0327B40BF000228B4F /* AlwaysNoteUITests */ = {
			isa = PBXNativeTarget;
			buildConfigurationList = F0D4BB1427B40BF000228B4F /* Build configuration list for PBXNativeTarget "AlwaysNoteUITests" */;
			buildPhases = (
				F0D4BB0027B40BF000228B4F /* Sources */,
				F0D4BB0127B40BF000228B4F /* Frameworks */,
				F0D4BB0227B40BF000228B4F /* Resources */,
			);
			buildRules = (
			);
			dependencies = (
				F0D4BB0627B40BF000228B4F /* PBXTargetDependency */,
			);
			name = AlwaysNoteUITests;
			productName = AlwaysNoteUITests;
			productReference = F0D4BB0427B40BF000228B4F /* AlwaysNoteUITests.xctest */;
			productType = "com.apple.product-type.bundle.ui-testing";
		};
/* End PBXNativeTarget section */

/* Begin PBXProject section */
		F0D4BAE227B40BEF00228B4F /* Project object */ = {
			isa = PBXProject;
			attributes = {
				BuildIndependentTargetsInParallel = 1;
				LastSwiftUpdateCheck = 1320;
				LastUpgradeCheck = 1320;
				TargetAttributes = {
					F0D4BAE927B40BEF00228B4F = {
						CreatedOnToolsVersion = 13.2.1;
					};
					F0D4BAF927B40BF000228B4F = {
						CreatedOnToolsVersion = 13.2.1;
						TestTargetID = F0D4BAE927B40BEF00228B4F;
					};
					F0D4BB0327B40BF000228B4F = {
						CreatedOnToolsVersion = 13.2.1;
						TestTargetID = F0D4BAE927B40BEF00228B4F;
					};
				};
			};
			buildConfigurationList = F0D4BAE527B40BEF00228B4F /* Build configuration list for PBXProject "AlwaysNote" */;
			compatibilityVersion = "Xcode 13.0";
			developmentRegion = en;
			hasScannedForEncodings = 0;
			knownRegions = (
				en,
				Base,
			);
			mainGroup = F0D4BAE127B40BEF00228B4F;
			productRefGroup = F0D4BAEB27B40BEF00228B4F /* Products */;
			projectDirPath = "";
			projectRoot = "";
			targets = (
				F0D4BAE927B40BEF00228B4F /* AlwaysNote */,
				F0D4BAF927B40BF000228B4F /* AlwaysNoteTests */,
				F0D4BB0327B40BF000228B4F /* AlwaysNoteUITests */,
			);
		};
/* End PBXProject section */

/* Begin PBXResourcesBuildPhase section */
		F0D4BAE827B40BEF00228B4F /* Resources */ = {
			isa = PBXResourcesBuildPhase;
			buildActionMask = 2147483647;
			files = (
				F0D4BAF527B40BF000228B4F /* Preview Assets.xcassets in Resources */,
				F0D4BAF227B40BF000228B4F /* Assets.xcassets in Resources */,
			);
			runOnlyForDeploymentPostprocessing = 0;
		};
		F0D4BAF827B40BF000228B4F /* Resources */ = {
			isa = PBXResourcesBuildPhase;
			buildActionMask = 2147483647;
			files = (
			);
			runOnlyForDeploymentPostprocessing = 0;
		};
		F0D4BB0227B40BF000228B4F /* Resources */ = {
			isa = PBXResourcesBuildPhase;
			buildActionMask = 2147483647;
			files = (
			);
			runOnlyForDeploymentPostprocessing = 0;
		};
/* End PBXResourcesBuildPhase section */

/* Begin PBXSourcesBuildPhase section */
		F0D4BAE627B40BEF00228B4F /* Sources */ = {
			isa = PBXSourcesBuildPhase;
			buildActionMask = 2147483647;
			files = (
				F0D4BAF027B40BEF00228B4F /* ContentView.swift in Sources */,
				F0D4BAEE27B40BEF00228B4F /* AlwaysNoteApp.swift in Sources */,
			);
			runOnlyForDeploymentPostprocessing = 0;
		};
		F0D4BAF627B40BF000228B4F /* Sources */ = {
			isa = PBXSourcesBuildPhase;
			buildActionMask = 2147483647;
			files = (
				F0D4BAFF27B40BF000228B4F /* AlwaysNoteTests.swift in Sources */,
			);
			runOnlyForDeploymentPostprocessing = 0;
		};
		F0D4BB0027B40BF000228B4F /* Sources */ = {
			isa = PBXSourcesBuildPhase;
			buildActionMask = 2147483647;
			files = (
				F0D4BB0927B40BF000228B4F /* AlwaysNoteUITests.swift in Sources */,
				F0D4BB0B27B40BF000228B4F /* AlwaysNoteUITestsLaunchTests.swift in Sources */,
			);
			runOnlyForDeploymentPostprocessing = 0;
		};
/* End PBXSourcesBuildPhase section */

/* Begin PBXTargetDependency section */
		F0D4BAFC27B40BF000228B4F /* PBXTargetDependency */ = {
			isa = PBXTargetDependency;
			target = F0D4BAE927B40BEF00228B4F /* AlwaysNote */;
			targetProxy = F0D4BAFB27B40BF000228B4F /* PBXContainerItemProxy */;
		};
		F0D4BB0627B40BF000228B4F /* PBXTargetDependency */ = {
			isa = PBXTargetDependency;
			target = F0D4BAE927B40BEF00228B4F /* AlwaysNote */;
			targetProxy = F0D4BB0527B40BF000228B4F /* PBXContainerItemProxy */;
		};
/* End PBXTargetDependency section */

/* Begin XCBuildConfiguration section */
		F0D4BB0C27B40BF000228B4F /* Debug */ = {
			isa = XCBuildConfiguration;
			buildSettings = {
				ALWAYS_SEARCH_USER_PATHS = NO;
				CLANG_ANALYZER_NONNULL = YES;
				CLANG_ANALYZER_NUMBER_OBJECT_CONVERSION = YES_AGGRESSIVE;
				CLANG_CXX_LANGUAGE_STANDARD = "gnu++17";
				CLANG_CXX_LIBRARY = "libc++";
				CLANG_ENABLE_MODULES = YES;
				CLANG_ENABLE_OBJC_ARC = YES;
				CLANG_ENABLE_OBJC_WEAK = YES;
				CLANG_WARN_BLOCK_CAPTURE_AUTORELEASING = YES;
				CLANG_WARN_BOOL_CONVERSION = YES;
				CLANG_WARN_COMMA = YES;
				CLANG_WARN_CONSTANT_CONVERSION = YES;
				CLANG_WARN_DEPRECATED_OBJC_IMPLEMENTATIONS = YES;
				CLANG_WARN_DIRECT_OBJC_ISA_USAGE = YES_ERROR;
				CLANG_WARN_DOCUMENTATION_COMMENTS = YES;
				CLANG_WARN_EMPTY_BODY = YES;
				CLANG_WARN_ENUM_CONVERSION = YES;
				CLANG_WARN_INFINITE_RECURSION = YES;
				CLANG_WARN_INT_CONVERSION = YES;
				CLANG_WARN_NON_LITERAL_NULL_CONVERSION = YES;
				CLANG_WARN_OBJC_IMPLICIT_RETAIN_SELF = YES;
				CLANG_WARN_OBJC_LITERAL_CONVERSION = YES;
				CLANG_WARN_OBJC_ROOT_CLASS = YES_ERROR;
				CLANG_WARN_QUOTED_INCLUDE_IN_FRAMEWORK_HEADER = YES;
				CLANG_WARN_RANGE_LOOP_ANALYSIS = YES;
				CLANG_WARN_STRICT_PROTOTYPES = YES;
				CLANG_WARN_SUSPICIOUS_MOVE = YES;
				CLANG_WARN_UNGUARDED_AVAILABILITY = YES_AGGRESSIVE;
				CLANG_WARN_UNREACHABLE_CODE = YES;
				CLANG_WARN__DUPLICATE_METHOD_MATCH = YES;
				COPY_PHASE_STRIP = NO;
				DEBUG_INFORMATION_FORMAT = dwarf;
				ENABLE_STRICT_OBJC_MSGSEND = YES;
				ENABLE_TESTABILITY = YES;
				GCC_C_LANGUAGE_STANDARD = gnu11;
				GCC_DYNAMIC_NO_PIC = NO;
				GCC_NO_COMMON_BLOCKS = YES;
				GCC_OPTIMIZATION_LEVEL = 0;
				GCC_PREPROCESSOR_DEFINITIONS = (
					"DEBUG=1",
					"$(inherited)",
				);
				GCC_WARN_64_TO_32_BIT_CONVERSION = YES;
				GCC_WARN_ABOUT_RETURN_TYPE = YES_ERROR;
				GCC_WARN_UNDECLARED_SELECTOR = YES;
				GCC_WARN_UNINITIALIZED_AUTOS = YES_AGGRESSIVE;
				GCC_WARN_UNUSED_FUNCTION = YES;
				GCC_WARN_UNUSED_VARIABLE = YES;
				IPHONEOS_DEPLOYMENT_TARGET = 15.2;
				MTL_ENABLE_DEBUG_INFO = INCLUDE_SOURCE;
				MTL_FAST_MATH = YES;
				ONLY_ACTIVE_ARCH = YES;
				SDKROOT = iphoneos;
				SWIFT_ACTIVE_COMPILATION_CONDITIONS = DEBUG;
				SWIFT_OPTIMIZATION_LEVEL = "-Onone";
			};
			name = Debug;
		};
		F0D4BB0D27B40BF000228B4F /* Release */ = {
			isa = XCBuildConfiguration;
			buildSettings = {
				ALWAYS_SEARCH_USER_PATHS = NO;
				CLANG_ANALYZER_NONNULL = YES;
				CLANG_ANALYZER_NUMBER_OBJECT_CONVERSION = YES_AGGRESSIVE;
				CLANG_CXX_LANGUAGE_STANDARD = "gnu++17";
				CLANG_CXX_LIBRARY = "libc++";
				CLANG_ENABLE_MODULES = YES;
				CLANG_ENABLE_OBJC_ARC = YES;
				CLANG_ENABLE_OBJC_WEAK = YES;
				CLANG_WARN_BLOCK_CAPTURE_AUTORELEASING = YES;
				CLANG_WARN_BOOL_CONVERSION = YES;
				CLANG_WARN_COMMA = YES;
				CLANG_WARN_CONSTANT_CONVERSION = YES;
				CLANG_WARN_DEPRECATED_OBJC_IMPLEMENTATIONS = YES;
				CLANG_WARN_DIRECT_OBJC_ISA_USAGE = YES_ERROR;
				CLANG_WARN_DOCUMENTATION_COMMENTS = YES;
				CLANG_WARN_EMPTY_BODY = YES;
				CLANG_WARN_ENUM_CONVERSION = YES;
				CLANG_WARN_INFINITE_RECURSION = YES;
				CLANG_WARN_INT_CONVERSION = YES;
				CLANG_WARN_NON_LITERAL_NULL_CONVERSION = YES;
				CLANG_WARN_OBJC_IMPLICIT_RETAIN_SELF = YES;
				CLANG_WARN_OBJC_LITERAL_CONVERSION = YES;
				CLANG_WARN_OBJC_ROOT_CLASS = YES_ERROR;
				CLANG_WARN_QUOTED_INCLUDE_IN_FRAMEWORK_HEADER = YES;
				CLANG_WARN_RANGE_LOOP_ANALYSIS = YES;
				CLANG_WARN_STRICT_PROTOTYPES = YES;
				CLANG_WARN_SUSPICIOUS_MOVE = YES;
				CLANG_WARN_UNGUARDED_AVAILABILITY = YES_AGGRESSIVE;
				CLANG_WARN_UNREACHABLE_CODE = YES;
				CLANG_WARN__DUPLICATE_METHOD_MATCH = YES;
				COPY_PHASE_STRIP = NO;
				DEBUG_INFORMATION_FORMAT = "dwarf-with-dsym";
				ENABLE_NS_ASSERTIONS = NO;
				ENABLE_STRICT_OBJC_MSGSEND = YES;
				GCC_C_LANGUAGE_STANDARD = gnu11;
				GCC_NO_COMMON_BLOCKS = YES;
				GCC_WARN_64_TO_32_BIT_CONVERSION = YES;
				GCC_WARN_ABOUT_RETURN_TYPE = YES_ERROR;
				GCC_WARN_UNDECLARED_SELECTOR = YES;
				GCC_WARN_UNINITIALIZED_AUTOS = YES_AGGRESSIVE;
				GCC_WARN_UNUSED_FUNCTION = YES;
				GCC_WARN_UNUSED_VARIABLE = YES;
				IPHONEOS_DEPLOYMENT_TARGET = 15.2;
				MTL_ENABLE_DEBUG_INFO = NO;
				MTL_FAST_MATH = YES;
				SDKROOT = iphoneos;
				SWIFT_COMPILATION_MODE = wholemodule;
				SWIFT_OPTIMIZATION_LEVEL = "-O";
				VALIDATE_PRODUCT = YES;
			};
			name = Release;
		};
		F0D4BB0F27B40BF000228B4F /* Debug */ = {
			isa = XCBuildConfiguration;
			buildSettings = {
				ASSETCATALOG_COMPILER_APPICON_NAME = AppIcon;
				ASSETCATALOG_COMPILER_GLOBAL_ACCENT_COLOR_NAME = AccentColor;
				CODE_SIGN_STYLE = Automatic;
				CURRENT_PROJECT_VERSION = 1;
				DEVELOPMENT_ASSET_PATHS = "\"AlwaysNote/Preview Content\"";
				ENABLE_PREVIEWS = YES;
				GENERATE_INFOPLIST_FILE = YES;
				INFOPLIST_KEY_UIApplicationSceneManifest_Generation = YES;
				INFOPLIST_KEY_UIApplicationSupportsIndirectInputEvents = YES;
				INFOPLIST_KEY_UILaunchScreen_Generation = YES;
				INFOPLIST_KEY_UISupportedInterfaceOrientations_iPad = "UIInterfaceOrientationPortrait UIInterfaceOrientationPortraitUpsideDown UIInterfaceOrientationLandscapeLeft UIInterfaceOrientationLandscapeRight";
				INFOPLIST_KEY_UISupportedInterfaceOrientations_iPhone = "UIInterfaceOrientationPortrait UIInterfaceOrientationLandscapeLeft UIInterfaceOrientationLandscapeRight";
				LD_RUNPATH_SEARCH_PATHS = (
					"$(inherited)",
					"@executable_path/Frameworks",
				);
				MARKETING_VERSION = 1.0;
				PRODUCT_BUNDLE_IDENTIFIER = Avans.AlwaysNote;
				PRODUCT_NAME = "$(TARGET_NAME)";
				SWIFT_EMIT_LOC_STRINGS = YES;
				SWIFT_VERSION = 5.0;
				TARGETED_DEVICE_FAMILY = "1,2";
			};
			name = Debug;
		};
		F0D4BB1027B40BF000228B4F /* Release */ = {
			isa = XCBuildConfiguration;
			buildSettings = {
				ASSETCATALOG_COMPILER_APPICON_NAME = AppIcon;
				ASSETCATALOG_COMPILER_GLOBAL_ACCENT_COLOR_NAME = AccentColor;
				CODE_SIGN_STYLE = Automatic;
				CURRENT_PROJECT_VERSION = 1;
				DEVELOPMENT_ASSET_PATHS = "\"AlwaysNote/Preview Content\"";
				ENABLE_PREVIEWS = YES;
				GENERATE_INFOPLIST_FILE = YES;
				INFOPLIST_KEY_UIApplicationSceneManifest_Generation = YES;
				INFOPLIST_KEY_UIApplicationSupportsIndirectInputEvents = YES;
				INFOPLIST_KEY_UILaunchScreen_Generation = YES;
				INFOPLIST_KEY_UISupportedInterfaceOrientations_iPad = "UIInterfaceOrientationPortrait UIInterfaceOrientationPortraitUpsideDown UIInterfaceOrientationLandscapeLeft UIInterfaceOrientationLandscapeRight";
				INFOPLIST_KEY_UISupportedInterfaceOrientations_iPhone = "UIInterfaceOrientationPortrait UIInterfaceOrientationLandscapeLeft UIInterfaceOrientationLandscapeRight";
				LD_RUNPATH_SEARCH_PATHS = (
					"$(inherited)",
					"@executable_path/Frameworks",
				);
				MARKETING_VERSION = 1.0;
				PRODUCT_BUNDLE_IDENTIFIER = Avans.AlwaysNote;
				PRODUCT_NAME = "$(TARGET_NAME)";
				SWIFT_EMIT_LOC_STRINGS = YES;
				SWIFT_VERSION = 5.0;
				TARGETED_DEVICE_FAMILY = "1,2";
			};
			name = Release;
		};
		F0D4BB1227B40BF000228B4F /* Debug */ = {
			isa = XCBuildConfiguration;
			buildSettings = {
				ALWAYS_EMBED_SWIFT_STANDARD_LIBRARIES = YES;
				BUNDLE_LOADER = "$(TEST_HOST)";
				CODE_SIGN_STYLE = Automatic;
				CURRENT_PROJECT_VERSION = 1;
				GENERATE_INFOPLIST_FILE = YES;
				IPHONEOS_DEPLOYMENT_TARGET = 15.2;
				MARKETING_VERSION = 1.0;
				PRODUCT_BUNDLE_IDENTIFIER = Avans.AlwaysNoteTests;
				PRODUCT_NAME = "$(TARGET_NAME)";
				SWIFT_EMIT_LOC_STRINGS = NO;
				SWIFT_VERSION = 5.0;
				TARGETED_DEVICE_FAMILY = "1,2";
				TEST_HOST = "$(BUILT_PRODUCTS_DIR)/AlwaysNote.app/AlwaysNote";
			};
			name = Debug;
		};
		F0D4BB1327B40BF000228B4F /* Release */ = {
			isa = XCBuildConfiguration;
			buildSettings = {
				ALWAYS_EMBED_SWIFT_STANDARD_LIBRARIES = YES;
				BUNDLE_LOADER = "$(TEST_HOST)";
				CODE_SIGN_STYLE = Automatic;
				CURRENT_PROJECT_VERSION = 1;
				GENERATE_INFOPLIST_FILE = YES;
				IPHONEOS_DEPLOYMENT_TARGET = 15.2;
				MARKETING_VERSION = 1.0;
				PRODUCT_BUNDLE_IDENTIFIER = Avans.AlwaysNoteTests;
				PRODUCT_NAME = "$(TARGET_NAME)";
				SWIFT_EMIT_LOC_STRINGS = NO;
				SWIFT_VERSION = 5.0;
				TARGETED_DEVICE_FAMILY = "1,2";
				TEST_HOST = "$(BUILT_PRODUCTS_DIR)/AlwaysNote.app/AlwaysNote";
			};
			name = Release;
		};
		F0D4BB1527B40BF000228B4F /* Debug */ = {
			isa = XCBuildConfiguration;
			buildSettings = {
				ALWAYS_EMBED_SWIFT_STANDARD_LIBRARIES = YES;
				CODE_SIGN_STYLE = Automatic;
				CURRENT_PROJECT_VERSION = 1;
				GENERATE_INFOPLIST_FILE = YES;
				MARKETING_VERSION = 1.0;
				PRODUCT_BUNDLE_IDENTIFIER = Avans.AlwaysNoteUITests;
				PRODUCT_NAME = "$(TARGET_NAME)";
				SWIFT_EMIT_LOC_STRINGS = NO;
				SWIFT_VERSION = 5.0;
				TARGETED_DEVICE_FAMILY = "1,2";
				TEST_TARGET_NAME = AlwaysNote;
			};
			name = Debug;
		};
		F0D4BB1627B40BF000228B4F /* Release */ = {
			isa = XCBuildConfiguration;
			buildSettings = {
				ALWAYS_EMBED_SWIFT_STANDARD_LIBRARIES = YES;
				CODE_SIGN_STYLE = Automatic;
				CURRENT_PROJECT_VERSION = 1;
				GENERATE_INFOPLIST_FILE = YES;
				MARKETING_VERSION = 1.0;
				PRODUCT_BUNDLE_IDENTIFIER = Avans.AlwaysNoteUITests;
				PRODUCT_NAME = "$(TARGET_NAME)";
				SWIFT_EMIT_LOC_STRINGS = NO;
				SWIFT_VERSION = 5.0;
				TARGETED_DEVICE_FAMILY = "1,2";
				TEST_TARGET_NAME = AlwaysNote;
			};
			name = Release;
		};
/* End XCBuildConfiguration section */

/* Begin XCConfigurationList section */
		F0D4BAE527B40BEF00228B4F /* Build configuration list for PBXProject "AlwaysNote" */ = {
			isa = XCConfigurationList;
			buildConfigurations = (
				F0D4BB0C27B40BF000228B4F /* Debug */,
				F0D4BB0D27B40BF000228B4F /* Release */,
			);
			defaultConfigurationIsVisible = 0;
			defaultConfigurationName = Release;
		};
		F0D4BB0E27B40BF000228B4F /* Build configuration list for PBXNativeTarget "AlwaysNote" */ = {
			isa = XCConfigurationList;
			buildConfigurations = (
				F0D4BB0F27B40BF000228B4F /* Debug */,
				F0D4BB1027B40BF000228B4F /* Release */,
			);
			defaultConfigurationIsVisible = 0;
			defaultConfigurationName = Release;
		};
		F0D4BB1127B40BF000228B4F /* Build configuration list for PBXNativeTarget "AlwaysNoteTests" */ = {
			isa = XCConfigurationList;
			buildConfigurations = (
				F0D4BB1227B40BF000228B4F /* Debug */,
				F0D4BB1327B40BF000228B4F /* Release */,
			);
			defaultConfigurationIsVisible = 0;
			defaultConfigurationName = Release;
		};
		F0D4BB1427B40BF000228B4F /* Build configuration list for PBXNativeTarget "AlwaysNoteUITests" */ = {
			isa = XCConfigurationList;
			buildConfigurations = (
				F0D4BB1527B40BF000228B4F /* Debug */,
				F0D4BB1627B40BF000228B4F /* Release */,
			);
			defaultConfigurationIsVisible = 0;
			defaultConfigurationName = Release;
		};
/* End XCConfigurationList section */
	};
	rootObject = F0D4BAE227B40BEF00228B4F /* Project object */;
}
